// !$*UTF8*$!
{
	archiveVersion = 1;
	classes = {
	};
	objectVersion = 51;
	objects = {

/* Begin PBXBuildFile section */
		2E0F245D251C32A9007903BB /* LoginView.swift in Sources */ = {isa = PBXBuildFile; fileRef = 2E0F245C251C32A9007903BB /* LoginView.swift */; };
		2E0F2465251C3388007903BB /* IconUITextField.swift in Sources */ = {isa = PBXBuildFile; fileRef = 2E0F2463251C3388007903BB /* IconUITextField.swift */; };
		2E0F2466251C3388007903BB /* UIRoundedButtonWithGradientAndShadow.swift in Sources */ = {isa = PBXBuildFile; fileRef = 2E0F2464251C3388007903BB /* UIRoundedButtonWithGradientAndShadow.swift */; };
		2E0F246A251C33C0007903BB /* Setting.swift in Sources */ = {isa = PBXBuildFile; fileRef = 2E0F2469251C33C0007903BB /* Setting.swift */; };
		2E0F246D251C33F6007903BB /* UISetting.swift in Sources */ = {isa = PBXBuildFile; fileRef = 2E0F246C251C33F6007903BB /* UISetting.swift */; };
		2E0F2471251C3494007903BB /* String+Extension.swift in Sources */ = {isa = PBXBuildFile; fileRef = 2E0F2470251C3494007903BB /* String+Extension.swift */; };
		2E0F2474251C34BB007903BB /* UIView+Extension.swift in Sources */ = {isa = PBXBuildFile; fileRef = 2E0F2473251C34BB007903BB /* UIView+Extension.swift */; };
		2E0F2480251C36B9007903BB /* LoginViewController.swift in Sources */ = {isa = PBXBuildFile; fileRef = 2E0F247F251C36B9007903BB /* LoginViewController.swift */; };
		2E0F2495251C522F007903BB /* Observable.swift in Sources */ = {isa = PBXBuildFile; fileRef = 2E0F2494251C522F007903BB /* Observable.swift */; };
		2E2357F424EE3F5A0053762B /* CodeScan.bundle in Resources */ = {isa = PBXBuildFile; fileRef = 2E2357F324EE3F5A0053762B /* CodeScan.bundle */; };
		2E2357F624EE45420053762B /* SecuXQRCodeParser.swift in Sources */ = {isa = PBXBuildFile; fileRef = 2E2357F524EE45420053762B /* SecuXQRCodeParser.swift */; };
		2E2357FA24EE4BE60053762B /* BaseViewController.swift in Sources */ = {isa = PBXBuildFile; fileRef = 2E2357F924EE4BE60053762B /* BaseViewController.swift */; };
		2EA883F424E10FD100207283 /* AppDelegate.swift in Sources */ = {isa = PBXBuildFile; fileRef = 2EA883F324E10FD100207283 /* AppDelegate.swift */; };
		2EA883F624E10FD100207283 /* SceneDelegate.swift in Sources */ = {isa = PBXBuildFile; fileRef = 2EA883F524E10FD100207283 /* SceneDelegate.swift */; };
		2EA883F824E10FD100207283 /* MainViewController.swift in Sources */ = {isa = PBXBuildFile; fileRef = 2EA883F724E10FD100207283 /* MainViewController.swift */; };
		2EA883FB24E10FD100207283 /* Main.storyboard in Resources */ = {isa = PBXBuildFile; fileRef = 2EA883F924E10FD100207283 /* Main.storyboard */; };
		2EA883FD24E10FD400207283 /* Assets.xcassets in Resources */ = {isa = PBXBuildFile; fileRef = 2EA883FC24E10FD400207283 /* Assets.xcassets */; };
		2EA8840024E10FD400207283 /* LaunchScreen.storyboard in Resources */ = {isa = PBXBuildFile; fileRef = 2EA883FE24E10FD400207283 /* LaunchScreen.storyboard */; };
		2EB30BCD24F38BD1008D3DD4 /* OperationDetailsView.swift in Sources */ = {isa = PBXBuildFile; fileRef = 2EB30BCC24F38BD1008D3DD4 /* OperationDetailsView.swift */; };
		F227584205AB956F1FE44054 /* Pods_SecuXPaymentKitSample.framework in Frameworks */ = {isa = PBXBuildFile; fileRef = 54201FC817EF14676DEDBF92 /* Pods_SecuXPaymentKitSample.framework */; };
/* End PBXBuildFile section */

/* Begin PBXFileReference section */
		2E0F245C251C32A9007903BB /* LoginView.swift */ = {isa = PBXFileReference; fileEncoding = 4; lastKnownFileType = sourcecode.swift; path = LoginView.swift; sourceTree = "<group>"; };
		2E0F2463251C3388007903BB /* IconUITextField.swift */ = {isa = PBXFileReference; fileEncoding = 4; lastKnownFileType = sourcecode.swift; path = IconUITextField.swift; sourceTree = "<group>"; };
		2E0F2464251C3388007903BB /* UIRoundedButtonWithGradientAndShadow.swift */ = {isa = PBXFileReference; fileEncoding = 4; lastKnownFileType = sourcecode.swift; path = UIRoundedButtonWithGradientAndShadow.swift; sourceTree = "<group>"; };
		2E0F2469251C33C0007903BB /* Setting.swift */ = {isa = PBXFileReference; fileEncoding = 4; lastKnownFileType = sourcecode.swift; path = Setting.swift; sourceTree = "<group>"; };
		2E0F246C251C33F6007903BB /* UISetting.swift */ = {isa = PBXFileReference; fileEncoding = 4; lastKnownFileType = sourcecode.swift; path = UISetting.swift; sourceTree = "<group>"; };
		2E0F2470251C3494007903BB /* String+Extension.swift */ = {isa = PBXFileReference; fileEncoding = 4; lastKnownFileType = sourcecode.swift; path = "String+Extension.swift"; sourceTree = "<group>"; };
		2E0F2473251C34BB007903BB /* UIView+Extension.swift */ = {isa = PBXFileReference; fileEncoding = 4; lastKnownFileType = sourcecode.swift; path = "UIView+Extension.swift"; sourceTree = "<group>"; };
		2E0F247F251C36B9007903BB /* LoginViewController.swift */ = {isa = PBXFileReference; lastKnownFileType = sourcecode.swift; path = LoginViewController.swift; sourceTree = "<group>"; };
		2E0F2494251C522F007903BB /* Observable.swift */ = {isa = PBXFileReference; fileEncoding = 4; lastKnownFileType = sourcecode.swift; path = Observable.swift; sourceTree = "<group>"; };
		2E2357F324EE3F5A0053762B /* CodeScan.bundle */ = {isa = PBXFileReference; lastKnownFileType = "wrapper.plug-in"; path = CodeScan.bundle; sourceTree = "<group>"; };
		2E2357F524EE45420053762B /* SecuXQRCodeParser.swift */ = {isa = PBXFileReference; lastKnownFileType = sourcecode.swift; path = SecuXQRCodeParser.swift; sourceTree = "<group>"; };
		2E2357F924EE4BE60053762B /* BaseViewController.swift */ = {isa = PBXFileReference; fileEncoding = 4; lastKnownFileType = sourcecode.swift; path = BaseViewController.swift; sourceTree = "<group>"; };
		2EA883F024E10FD100207283 /* SecuXP22Tool.app */ = {isa = PBXFileReference; explicitFileType = wrapper.application; includeInIndex = 0; path = SecuXP22Tool.app; sourceTree = BUILT_PRODUCTS_DIR; };
		2EA883F324E10FD100207283 /* AppDelegate.swift */ = {isa = PBXFileReference; lastKnownFileType = sourcecode.swift; path = AppDelegate.swift; sourceTree = "<group>"; };
		2EA883F524E10FD100207283 /* SceneDelegate.swift */ = {isa = PBXFileReference; lastKnownFileType = sourcecode.swift; path = SceneDelegate.swift; sourceTree = "<group>"; };
		2EA883F724E10FD100207283 /* MainViewController.swift */ = {isa = PBXFileReference; lastKnownFileType = sourcecode.swift; path = MainViewController.swift; sourceTree = "<group>"; };
		2EA883FA24E10FD100207283 /* Base */ = {isa = PBXFileReference; lastKnownFileType = file.storyboard; name = Base; path = Base.lproj/Main.storyboard; sourceTree = "<group>"; };
		2EA883FC24E10FD400207283 /* Assets.xcassets */ = {isa = PBXFileReference; lastKnownFileType = folder.assetcatalog; path = Assets.xcassets; sourceTree = "<group>"; };
		2EA883FF24E10FD400207283 /* Base */ = {isa = PBXFileReference; lastKnownFileType = file.storyboard; name = Base; path = Base.lproj/LaunchScreen.storyboard; sourceTree = "<group>"; };
		2EA8840124E10FD400207283 /* Info.plist */ = {isa = PBXFileReference; lastKnownFileType = text.plist.xml; path = Info.plist; sourceTree = "<group>"; };
		2EB30BCC24F38BD1008D3DD4 /* OperationDetailsView.swift */ = {isa = PBXFileReference; lastKnownFileType = sourcecode.swift; path = OperationDetailsView.swift; sourceTree = "<group>"; };
		54201FC817EF14676DEDBF92 /* Pods_SecuXPaymentKitSample.framework */ = {isa = PBXFileReference; explicitFileType = wrapper.framework; includeInIndex = 0; path = Pods_SecuXPaymentKitSample.framework; sourceTree = BUILT_PRODUCTS_DIR; };
		6042AE7CBBB35B6CF8A6A4BA /* Pods-SecuXPaymentKitSample.release.xcconfig */ = {isa = PBXFileReference; includeInIndex = 1; lastKnownFileType = text.xcconfig; name = "Pods-SecuXPaymentKitSample.release.xcconfig"; path = "Target Support Files/Pods-SecuXPaymentKitSample/Pods-SecuXPaymentKitSample.release.xcconfig"; sourceTree = "<group>"; };
		CCA9F096526F6FD8775C61F5 /* Pods-SecuXPaymentKitSample.debug.xcconfig */ = {isa = PBXFileReference; includeInIndex = 1; lastKnownFileType = text.xcconfig; name = "Pods-SecuXPaymentKitSample.debug.xcconfig"; path = "Target Support Files/Pods-SecuXPaymentKitSample/Pods-SecuXPaymentKitSample.debug.xcconfig"; sourceTree = "<group>"; };
/* End PBXFileReference section */

/* Begin PBXFrameworksBuildPhase section */
		2EA883ED24E10FD100207283 /* Frameworks */ = {
			isa = PBXFrameworksBuildPhase;
			buildActionMask = 2147483647;
			files = (
				F227584205AB956F1FE44054 /* Pods_SecuXPaymentKitSample.framework in Frameworks */,
			);
			runOnlyForDeploymentPostprocessing = 0;
		};
/* End PBXFrameworksBuildPhase section */

/* Begin PBXGroup section */
		2E0F245F251C3315007903BB /* Views */ = {
			isa = PBXGroup;
			children = (
				2EB30BCC24F38BD1008D3DD4 /* OperationDetailsView.swift */,
				2E0F2463251C3388007903BB /* IconUITextField.swift */,
				2E0F2464251C3388007903BB /* UIRoundedButtonWithGradientAndShadow.swift */,
				2E0F245C251C32A9007903BB /* LoginView.swift */,
			);
			path = Views;
			sourceTree = "<group>";
		};
		2E0F2468251C3398007903BB /* Models */ = {
			isa = PBXGroup;
			children = (
				2E0F246C251C33F6007903BB /* UISetting.swift */,
				2E0F2469251C33C0007903BB /* Setting.swift */,
			);
			path = Models;
			sourceTree = "<group>";
		};
		2E0F246F251C3464007903BB /* Extensions */ = {
			isa = PBXGroup;
			children = (
				2E0F2473251C34BB007903BB /* UIView+Extension.swift */,
				2E0F2470251C3494007903BB /* String+Extension.swift */,
			);
			path = Extensions;
			sourceTree = "<group>";
		};
		2E0F2476251C34E0007903BB /* ViewControllers */ = {
			isa = PBXGroup;
			children = (
				2E0F247F251C36B9007903BB /* LoginViewController.swift */,
				2EA883F724E10FD100207283 /* MainViewController.swift */,
				2E2357F924EE4BE60053762B /* BaseViewController.swift */,
			);
			path = ViewControllers;
			sourceTree = "<group>";
		};
		2E0F2478251C3614007903BB /* Utility */ = {
			isa = PBXGroup;
			children = (
				2E0F2494251C522F007903BB /* Observable.swift */,
				2E2357F524EE45420053762B /* SecuXQRCodeParser.swift */,
			);
			path = Utility;
			sourceTree = "<group>";
		};
		2EA883E724E10FD100207283 = {
			isa = PBXGroup;
			children = (
				2EA883F224E10FD100207283 /* SecuXPaymentKitSample */,
				2EA883F124E10FD100207283 /* Products */,
				F8498C9A86B831D3544BC42A /* Pods */,
				B6495161C56E09E94C2AA288 /* Frameworks */,
			);
			sourceTree = "<group>";
		};
		2EA883F124E10FD100207283 /* Products */ = {
			isa = PBXGroup;
			children = (
				2EA883F024E10FD100207283 /* SecuXP22Tool.app */,
			);
			name = Products;
			sourceTree = "<group>";
		};
		2EA883F224E10FD100207283 /* SecuXPaymentKitSample */ = {
			isa = PBXGroup;
			children = (
				2E0F2476251C34E0007903BB /* ViewControllers */,
				2E0F246F251C3464007903BB /* Extensions */,
				2E0F2468251C3398007903BB /* Models */,
				2E0F245F251C3315007903BB /* Views */,
				2E0F2478251C3614007903BB /* Utility */,
				2EA883F524E10FD100207283 /* SceneDelegate.swift */,
				2EA883F324E10FD100207283 /* AppDelegate.swift */,
				2EA883F924E10FD100207283 /* Main.storyboard */,
				2EA883FC24E10FD400207283 /* Assets.xcassets */,
				2EA883FE24E10FD400207283 /* LaunchScreen.storyboard */,
				2E2357F324EE3F5A0053762B /* CodeScan.bundle */,
				2EA8840124E10FD400207283 /* Info.plist */,
			);
			path = SecuXPaymentKitSample;
			sourceTree = "<group>";
		};
		B6495161C56E09E94C2AA288 /* Frameworks */ = {
			isa = PBXGroup;
			children = (
				54201FC817EF14676DEDBF92 /* Pods_SecuXPaymentKitSample.framework */,
			);
			name = Frameworks;
			sourceTree = "<group>";
		};
		F8498C9A86B831D3544BC42A /* Pods */ = {
			isa = PBXGroup;
			children = (
				CCA9F096526F6FD8775C61F5 /* Pods-SecuXPaymentKitSample.debug.xcconfig */,
				6042AE7CBBB35B6CF8A6A4BA /* Pods-SecuXPaymentKitSample.release.xcconfig */,
			);
			path = Pods;
			sourceTree = "<group>";
		};
/* End PBXGroup section */

/* Begin PBXNativeTarget section */
		2EA883EF24E10FD100207283 /* SecuXP22Tool */ = {
			isa = PBXNativeTarget;
			buildConfigurationList = 2EA8840424E10FD400207283 /* Build configuration list for PBXNativeTarget "SecuXP22Tool" */;
			buildPhases = (
				D52905D0B612B9AE29683D7E /* [CP] Check Pods Manifest.lock */,
				2EA883EC24E10FD100207283 /* Sources */,
				2EA883ED24E10FD100207283 /* Frameworks */,
				2EA883EE24E10FD100207283 /* Resources */,
				B39BBD1F079B3A6B6134E722 /* [CP] Embed Pods Frameworks */,
			);
			buildRules = (
			);
			dependencies = (
			);
			name = SecuXP22Tool;
			productName = SecuXPaymentKitSample;
			productReference = 2EA883F024E10FD100207283 /* SecuXP22Tool.app */;
			productType = "com.apple.product-type.application";
		};
/* End PBXNativeTarget section */

/* Begin PBXProject section */
		2EA883E824E10FD100207283 /* Project object */ = {
			isa = PBXProject;
			attributes = {
				LastSwiftUpdateCheck = 1160;
				LastUpgradeCheck = 1200;
				ORGANIZATIONNAME = SecuX;
				TargetAttributes = {
					2EA883EF24E10FD100207283 = {
						CreatedOnToolsVersion = 11.6;
					};
				};
			};
			buildConfigurationList = 2EA883EB24E10FD100207283 /* Build configuration list for PBXProject "SecuXPaymentKitSample" */;
			compatibilityVersion = "Xcode 9.3";
			developmentRegion = en;
			hasScannedForEncodings = 0;
			knownRegions = (
				en,
				Base,
			);
			mainGroup = 2EA883E724E10FD100207283;
			productRefGroup = 2EA883F124E10FD100207283 /* Products */;
			projectDirPath = "";
			projectRoot = "";
			targets = (
				2EA883EF24E10FD100207283 /* SecuXP22Tool */,
			);
		};
/* End PBXProject section */

/* Begin PBXResourcesBuildPhase section */
		2EA883EE24E10FD100207283 /* Resources */ = {
			isa = PBXResourcesBuildPhase;
			buildActionMask = 2147483647;
			files = (
				2EA8840024E10FD400207283 /* LaunchScreen.storyboard in Resources */,
				2EA883FD24E10FD400207283 /* Assets.xcassets in Resources */,
				2EA883FB24E10FD100207283 /* Main.storyboard in Resources */,
				2E2357F424EE3F5A0053762B /* CodeScan.bundle in Resources */,
			);
			runOnlyForDeploymentPostprocessing = 0;
		};
/* End PBXResourcesBuildPhase section */

/* Begin PBXShellScriptBuildPhase section */
		B39BBD1F079B3A6B6134E722 /* [CP] Embed Pods Frameworks */ = {
			isa = PBXShellScriptBuildPhase;
			buildActionMask = 2147483647;
			files = (
			);
			inputFileListPaths = (
				"${PODS_ROOT}/Target Support Files/Pods-SecuXPaymentKitSample/Pods-SecuXPaymentKitSample-frameworks-${CONFIGURATION}-input-files.xcfilelist",
			);
			name = "[CP] Embed Pods Frameworks";
			outputFileListPaths = (
				"${PODS_ROOT}/Target Support Files/Pods-SecuXPaymentKitSample/Pods-SecuXPaymentKitSample-frameworks-${CONFIGURATION}-output-files.xcfilelist",
			);
			runOnlyForDeploymentPostprocessing = 0;
			shellPath = /bin/sh;
			shellScript = "\"${PODS_ROOT}/Target Support Files/Pods-SecuXPaymentKitSample/Pods-SecuXPaymentKitSample-frameworks.sh\"\n";
			showEnvVarsInLog = 0;
		};
		D52905D0B612B9AE29683D7E /* [CP] Check Pods Manifest.lock */ = {
			isa = PBXShellScriptBuildPhase;
			buildActionMask = 2147483647;
			files = (
			);
			inputFileListPaths = (
			);
			inputPaths = (
				"${PODS_PODFILE_DIR_PATH}/Podfile.lock",
				"${PODS_ROOT}/Manifest.lock",
			);
			name = "[CP] Check Pods Manifest.lock";
			outputFileListPaths = (
			);
			outputPaths = (
				"$(DERIVED_FILE_DIR)/Pods-SecuXPaymentKitSample-checkManifestLockResult.txt",
			);
			runOnlyForDeploymentPostprocessing = 0;
			shellPath = /bin/sh;
			shellScript = "diff \"${PODS_PODFILE_DIR_PATH}/Podfile.lock\" \"${PODS_ROOT}/Manifest.lock\" > /dev/null\nif [ $? != 0 ] ; then\n    # print error to STDERR\n    echo \"error: The sandbox is not in sync with the Podfile.lock. Run 'pod install' or update your CocoaPods installation.\" >&2\n    exit 1\nfi\n# This output is used by Xcode 'outputs' to avoid re-running this script phase.\necho \"SUCCESS\" > \"${SCRIPT_OUTPUT_FILE_0}\"\n";
			showEnvVarsInLog = 0;
		};
/* End PBXShellScriptBuildPhase section */

/* Begin PBXSourcesBuildPhase section */
		2EA883EC24E10FD100207283 /* Sources */ = {
			isa = PBXSourcesBuildPhase;
			buildActionMask = 2147483647;
			files = (
				2E0F2495251C522F007903BB /* Observable.swift in Sources */,
				2E0F2465251C3388007903BB /* IconUITextField.swift in Sources */,
				2E0F2466251C3388007903BB /* UIRoundedButtonWithGradientAndShadow.swift in Sources */,
				2E0F2480251C36B9007903BB /* LoginViewController.swift in Sources */,
				2EB30BCD24F38BD1008D3DD4 /* OperationDetailsView.swift in Sources */,
				2EA883F824E10FD100207283 /* MainViewController.swift in Sources */,
				2E2357F624EE45420053762B /* SecuXQRCodeParser.swift in Sources */,
				2E0F2471251C3494007903BB /* String+Extension.swift in Sources */,
				2E0F246D251C33F6007903BB /* UISetting.swift in Sources */,
				2E0F2474251C34BB007903BB /* UIView+Extension.swift in Sources */,
				2E0F246A251C33C0007903BB /* Setting.swift in Sources */,
				2EA883F424E10FD100207283 /* AppDelegate.swift in Sources */,
				2EA883F624E10FD100207283 /* SceneDelegate.swift in Sources */,
				2E0F245D251C32A9007903BB /* LoginView.swift in Sources */,
				2E2357FA24EE4BE60053762B /* BaseViewController.swift in Sources */,
			);
			runOnlyForDeploymentPostprocessing = 0;
		};
/* End PBXSourcesBuildPhase section */

/* Begin PBXVariantGroup section */
		2EA883F924E10FD100207283 /* Main.storyboard */ = {
			isa = PBXVariantGroup;
			children = (
				2EA883FA24E10FD100207283 /* Base */,
			);
			name = Main.storyboard;
			sourceTree = "<group>";
		};
		2EA883FE24E10FD400207283 /* LaunchScreen.storyboard */ = {
			isa = PBXVariantGroup;
			children = (
				2EA883FF24E10FD400207283 /* Base */,
			);
			name = LaunchScreen.storyboard;
			sourceTree = "<group>";
		};
/* End PBXVariantGroup section */

/* Begin XCBuildConfiguration section */
		2EA8840224E10FD400207283 /* Debug */ = {
			isa = XCBuildConfiguration;
			buildSettings = {
				ALWAYS_SEARCH_USER_PATHS = NO;
				CLANG_ANALYZER_NONNULL = YES;
				CLANG_ANALYZER_NUMBER_OBJECT_CONVERSION = YES_AGGRESSIVE;
				CLANG_CXX_LANGUAGE_STANDARD = "gnu++14";
				CLANG_CXX_LIBRARY = "libc++";
				CLANG_ENABLE_MODULES = YES;
				CLANG_ENABLE_OBJC_ARC = YES;
				CLANG_ENABLE_OBJC_WEAK = YES;
				CLANG_WARN_BLOCK_CAPTURE_AUTORELEASING = YES;
				CLANG_WARN_BOOL_CONVERSION = YES;
				CLANG_WARN_COMMA = YES;
				CLANG_WARN_CONSTANT_CONVERSION = YES;
				CLANG_WARN_DEPRECATED_OBJC_IMPLEMENTATIONS = YES;
				CLANG_WARN_DIRECT_OBJC_ISA_USAGE = YES_ERROR;
				CLANG_WARN_DOCUMENTATION_COMMENTS = YES;
				CLANG_WARN_EMPTY_BODY = YES;
				CLANG_WARN_ENUM_CONVERSION = YES;
				CLANG_WARN_INFINITE_RECURSION = YES;
				CLANG_WARN_INT_CONVERSION = YES;
				CLANG_WARN_NON_LITERAL_NULL_CONVERSION = YES;
				CLANG_WARN_OBJC_IMPLICIT_RETAIN_SELF = YES;
				CLANG_WARN_OBJC_LITERAL_CONVERSION = YES;
				CLANG_WARN_OBJC_ROOT_CLASS = YES_ERROR;
				CLANG_WARN_QUOTED_INCLUDE_IN_FRAMEWORK_HEADER = YES;
				CLANG_WARN_RANGE_LOOP_ANALYSIS = YES;
				CLANG_WARN_STRICT_PROTOTYPES = YES;
				CLANG_WARN_SUSPICIOUS_MOVE = YES;
				CLANG_WARN_UNGUARDED_AVAILABILITY = YES_AGGRESSIVE;
				CLANG_WARN_UNREACHABLE_CODE = YES;
				CLANG_WARN__DUPLICATE_METHOD_MATCH = YES;
				COPY_PHASE_STRIP = NO;
				DEBUG_INFORMATION_FORMAT = dwarf;
				ENABLE_STRICT_OBJC_MSGSEND = YES;
				ENABLE_TESTABILITY = YES;
				GCC_C_LANGUAGE_STANDARD = gnu11;
				GCC_DYNAMIC_NO_PIC = NO;
				GCC_NO_COMMON_BLOCKS = YES;
				GCC_OPTIMIZATION_LEVEL = 0;
				GCC_PREPROCESSOR_DEFINITIONS = (
					"DEBUG=1",
					"$(inherited)",
				);
				GCC_WARN_64_TO_32_BIT_CONVERSION = YES;
				GCC_WARN_ABOUT_RETURN_TYPE = YES_ERROR;
				GCC_WARN_UNDECLARED_SELECTOR = YES;
				GCC_WARN_UNINITIALIZED_AUTOS = YES_AGGRESSIVE;
				GCC_WARN_UNUSED_FUNCTION = YES;
				GCC_WARN_UNUSED_VARIABLE = YES;
				IPHONEOS_DEPLOYMENT_TARGET = 13.0;
				MTL_ENABLE_DEBUG_INFO = INCLUDE_SOURCE;
				MTL_FAST_MATH = YES;
				ONLY_ACTIVE_ARCH = YES;
				SDKROOT = iphoneos;
				SWIFT_ACTIVE_COMPILATION_CONDITIONS = DEBUG;
				SWIFT_OPTIMIZATION_LEVEL = "-Onone";
			};
			name = Debug;
		};
		2EA8840324E10FD400207283 /* Release */ = {
			isa = XCBuildConfiguration;
			buildSettings = {
				ALWAYS_SEARCH_USER_PATHS = NO;
				CLANG_ANALYZER_NONNULL = YES;
				CLANG_ANALYZER_NUMBER_OBJECT_CONVERSION = YES_AGGRESSIVE;
				CLANG_CXX_LANGUAGE_STANDARD = "gnu++14";
				CLANG_CXX_LIBRARY = "libc++";
				CLANG_ENABLE_MODULES = YES;
				CLANG_ENABLE_OBJC_ARC = YES;
				CLANG_ENABLE_OBJC_WEAK = YES;
				CLANG_WARN_BLOCK_CAPTURE_AUTORELEASING = YES;
				CLANG_WARN_BOOL_CONVERSION = YES;
				CLANG_WARN_COMMA = YES;
				CLANG_WARN_CONSTANT_CONVERSION = YES;
				CLANG_WARN_DEPRECATED_OBJC_IMPLEMENTATIONS = YES;
				CLANG_WARN_DIRECT_OBJC_ISA_USAGE = YES_ERROR;
				CLANG_WARN_DOCUMENTATION_COMMENTS = YES;
				CLANG_WARN_EMPTY_BODY = YES;
				CLANG_WARN_ENUM_CONVERSION = YES;
				CLANG_WARN_INFINITE_RECURSION = YES;
				CLANG_WARN_INT_CONVERSION = YES;
				CLANG_WARN_NON_LITERAL_NULL_CONVERSION = YES;
				CLANG_WARN_OBJC_IMPLICIT_RETAIN_SELF = YES;
				CLANG_WARN_OBJC_LITERAL_CONVERSION = YES;
				CLANG_WARN_OBJC_ROOT_CLASS = YES_ERROR;
				CLANG_WARN_QUOTED_INCLUDE_IN_FRAMEWORK_HEADER = YES;
				CLANG_WARN_RANGE_LOOP_ANALYSIS = YES;
				CLANG_WARN_STRICT_PROTOTYPES = YES;
				CLANG_WARN_SUSPICIOUS_MOVE = YES;
				CLANG_WARN_UNGUARDED_AVAILABILITY = YES_AGGRESSIVE;
				CLANG_WARN_UNREACHABLE_CODE = YES;
				CLANG_WARN__DUPLICATE_METHOD_MATCH = YES;
				COPY_PHASE_STRIP = NO;
				DEBUG_INFORMATION_FORMAT = "dwarf-with-dsym";
				ENABLE_NS_ASSERTIONS = NO;
				ENABLE_STRICT_OBJC_MSGSEND = YES;
				GCC_C_LANGUAGE_STANDARD = gnu11;
				GCC_NO_COMMON_BLOCKS = YES;
				GCC_WARN_64_TO_32_BIT_CONVERSION = YES;
				GCC_WARN_ABOUT_RETURN_TYPE = YES_ERROR;
				GCC_WARN_UNDECLARED_SELECTOR = YES;
				GCC_WARN_UNINITIALIZED_AUTOS = YES_AGGRESSIVE;
				GCC_WARN_UNUSED_FUNCTION = YES;
				GCC_WARN_UNUSED_VARIABLE = YES;
				IPHONEOS_DEPLOYMENT_TARGET = 13.0;
				MTL_ENABLE_DEBUG_INFO = NO;
				MTL_FAST_MATH = YES;
				SDKROOT = iphoneos;
				SWIFT_COMPILATION_MODE = wholemodule;
				SWIFT_OPTIMIZATION_LEVEL = "-O";
				VALIDATE_PRODUCT = YES;
			};
			name = Release;
		};
		2EA8840524E10FD400207283 /* Debug */ = {
			isa = XCBuildConfiguration;
			baseConfigurationReference = CCA9F096526F6FD8775C61F5 /* Pods-SecuXPaymentKitSample.debug.xcconfig */;
			buildSettings = {
				ASSETCATALOG_COMPILER_APPICON_NAME = AppIcon;
				CODE_SIGN_IDENTITY = "Apple Development";
				CODE_SIGN_STYLE = Automatic;
				CURRENT_PROJECT_VERSION = 3;
				DEVELOPMENT_TEAM = 439P2P24S8;
				INFOPLIST_FILE = SecuXPaymentKitSample/Info.plist;
				LD_RUNPATH_SEARCH_PATHS = (
					"$(inherited)",
					"@executable_path/Frameworks",
				);
				MARKETING_VERSION = 1.0.0;
				PRODUCT_BUNDLE_IDENTIFIER = com.secux.SecuXPaymentKitCommonDemo;
				PRODUCT_NAME = "$(TARGET_NAME)";
				PROVISIONING_PROFILE_SPECIFIER = "";
				SWIFT_VERSION = 5.0;
				TARGETED_DEVICE_FAMILY = "1,2";
			};
			name = Debug;
		};
		2EA8840624E10FD400207283 /* Release */ = {
			isa = XCBuildConfiguration;
			baseConfigurationReference = 6042AE7CBBB35B6CF8A6A4BA /* Pods-SecuXPaymentKitSample.release.xcconfig */;
			buildSettings = {
				ASSETCATALOG_COMPILER_APPICON_NAME = AppIcon;
				CODE_SIGN_IDENTITY = "Apple Development";
				CODE_SIGN_STYLE = Automatic;
				CURRENT_PROJECT_VERSION = 3;
				DEVELOPMENT_TEAM = 439P2P24S8;
				INFOPLIST_FILE = SecuXPaymentKitSample/Info.plist;
				LD_RUNPATH_SEARCH_PATHS = (
					"$(inherited)",
					"@executable_path/Frameworks",
				);
				MARKETING_VERSION = 1.0.0;
				PRODUCT_BUNDLE_IDENTIFIER = com.secux.SecuXPaymentKitCommonDemo;
				PRODUCT_NAME = "$(TARGET_NAME)";
				PROVISIONING_PROFILE_SPECIFIER = "";
				SWIFT_VERSION = 5.0;
				TARGETED_DEVICE_FAMILY = "1,2";
			};
			name = Release;
		};
/* End XCBuildConfiguration section */

/* Begin XCConfigurationList section */
		2EA883EB24E10FD100207283 /* Build configuration list for PBXProject "SecuXPaymentKitSample" */ = {
			isa = XCConfigurationList;
			buildConfigurations = (
				2EA8840224E10FD400207283 /* Debug */,
				2EA8840324E10FD400207283 /* Release */,
			);
			defaultConfigurationIsVisible = 0;
			defaultConfigurationName = Release;
		};
		2EA8840424E10FD400207283 /* Build configuration list for PBXNativeTarget "SecuXP22Tool" */ = {
			isa = XCConfigurationList;
			buildConfigurations = (
				2EA8840524E10FD400207283 /* Debug */,
				2EA8840624E10FD400207283 /* Release */,
			);
			defaultConfigurationIsVisible = 0;
			defaultConfigurationName = Release;
		};
/* End XCConfigurationList section */
	};
	rootObject = 2EA883E824E10FD100207283 /* Project object */;
}
